
Microsoft Visual Studio Solution File, Format Version 12.00
# Visual Studio Version 16
VisualStudioVersion = 16.0.30803.129
MinimumVisualStudioVersion = 10.0.40219.1
Project("{9A19103F-16F7-4668-BE54-9A1E7A4F7556}") = "AdventOfCode.Main", "AdventOfCode.Main\AdventOfCode.Main.csproj", "{6DD3F65F-357D-46AF-80E9-EC9139996D25}"
EndProject
Project("{9A19103F-16F7-4668-BE54-9A1E7A4F7556}") = "AdventOfCodeUnitTests", "AdventOfCodeUnitTests\AdventOfCodeUnitTests.csproj", "{DEE61726-D63A-42BF-A796-641C81E9A1B8}"
EndProject
Project("{9A19103F-16F7-4668-BE54-9A1E7A4F7556}") = "AdventOfCode.ConsoleApp", "AdventOfCode.Console\AdventOfCode.ConsoleApp.csproj", "{0F813997-4826-4806-9A70-71B45E2C370E}"
EndProject
Project("{2150E333-8FDC-42A3-9474-1A3956D46DE8}") = "Inputs", "Inputs", "{6BDEBE8D-8336-412D-8A68-CCE732E6B9FB}"
	ProjectSection(SolutionItems) = preProject
		Inputs\dayfive.txt = Inputs\dayfive.txt
		Inputs\dayfour.txt = Inputs\dayfour.txt
		Inputs\dayfourinvalidexample.txt = Inputs\dayfourinvalidexample.txt
		Inputs\dayfourvalidexample.txt = Inputs\dayfourvalidexample.txt
		Inputs\dayone.txt = Inputs\dayone.txt
		Inputs\dayseven.txt = Inputs\dayseven.txt
		Inputs\daysix.txt = Inputs\daysix.txt
		Inputs\daythree.txt = Inputs\daythree.txt
		Inputs\daytwo.txt = Inputs\daytwo.txt
		Inputs\daytwoExample.txt = Inputs\daytwoExample.txt
		Inputs\metalheddCodeOutput.txt = Inputs\metalheddCodeOutput.txt
		Inputs\MyCodeOutput.txt = Inputs\MyCodeOutput.txt
	EndProjectSection
EndProject
Global
	GlobalSection(SolutionConfigurationPlatforms) = preSolution
		Debug|Any CPU = Debug|Any CPU
		Release|Any CPU = Release|Any CPU
	EndGlobalSection
	GlobalSection(ProjectConfigurationPlatforms) = postSolution
		{6DD3F65F-357D-46AF-80E9-EC9139996D25}.Debug|Any CPU.ActiveCfg = Debug|Any CPU
		{6DD3F65F-357D-46AF-80E9-EC9139996D25}.Debug|Any CPU.Build.0 = Debug|Any CPU
		{6DD3F65F-357D-46AF-80E9-EC9139996D25}.Release|Any CPU.ActiveCfg = Release|Any CPU
		{6DD3F65F-357D-46AF-80E9-EC9139996D25}.Release|Any CPU.Build.0 = Release|Any CPU
		{DEE61726-D63A-42BF-A796-641C81E9A1B8}.Debug|Any CPU.ActiveCfg = Debug|Any CPU
		{DEE61726-D63A-42BF-A796-641C81E9A1B8}.Debug|Any CPU.Build.0 = Debug|Any CPU
		{DEE61726-D63A-42BF-A796-641C81E9A1B8}.Release|Any CPU.ActiveCfg = Release|Any CPU
		{DEE61726-D63A-42BF-A796-641C81E9A1B8}.Release|Any CPU.Build.0 = Release|Any CPU
		{0F813997-4826-4806-9A70-71B45E2C370E}.Debug|Any CPU.ActiveCfg = Debug|Any CPU
		{0F813997-4826-4806-9A70-71B45E2C370E}.Debug|Any CPU.Build.0 = Debug|Any CPU
		{0F813997-4826-4806-9A70-71B45E2C370E}.Release|Any CPU.ActiveCfg = Release|Any CPU
		{0F813997-4826-4806-9A70-71B45E2C370E}.Release|Any CPU.Build.0 = Release|Any CPU
	EndGlobalSection
	GlobalSection(SolutionProperties) = preSolution
		HideSolutionNode = FALSE
	EndGlobalSection
	GlobalSection(ExtensibilityGlobals) = postSolution
		SolutionGuid = {7DA93382-EE79-47D8-A534-241D535BF286}
	EndGlobalSection
EndGlobal
